
Microsoft Visual Studio Solution File, Format Version 12.00
# Visual Studio Version 17
VisualStudioVersion = 17.11.35222.181
MinimumVisualStudioVersion = 10.0.40219.1
Project("{9A19103F-16F7-4668-BE54-9A1E7A4F7556}") = "Tyuiu.MolodchikovEE.Sprint6.Task0.V14", "Tyuiu.MolodchikovEE.Sprint6.Task0.V14\Tyuiu.MolodchikovEE.Sprint6.Task0.V14.csproj", "{66506703-F1B5-41EA-BB0E-8BC9CB31A213}"
EndProject
Project("{9A19103F-16F7-4668-BE54-9A1E7A4F7556}") = "Tyuiu.MolodchikovEE.Sprint6.Task0.V14.Lib", "Tyuiu.MolodchikovEE.Sprint6.Task0.V14.Lib\Tyuiu.MolodchikovEE.Sprint6.Task0.V14.Lib.csproj", "{9C55F249-62FD-4BEA-B047-F815D547FAA5}"
EndProject
Project("{9A19103F-16F7-4668-BE54-9A1E7A4F7556}") = "Tyuiu.MolodchikovEE.Sprint6.Task0.V14.Test", "Tyuiu.MolodchikovEE.Sprint6.Task0.V14.Test\Tyuiu.MolodchikovEE.Sprint6.Task0.V14.Test.csproj", "{0AD0D17B-C5BA-46F9-9AB8-30FE8158EAC1}"
EndProject
Project("{9A19103F-16F7-4668-BE54-9A1E7A4F7556}") = "Tyuiu.MolodchikovEE.Sprint6.Task1.V26.Lib", "Tyuiu.MolodchikovEE.Sprint6.Task1.V26.Lib\Tyuiu.MolodchikovEE.Sprint6.Task1.V26.Lib.csproj", "{0FD5E4B2-8207-40A0-99CD-3676C04A5ABE}"
EndProject
Project("{9A19103F-16F7-4668-BE54-9A1E7A4F7556}") = "Tyuiu.MolodchikovEE.Sprint6.Task1.V26.Test", "Tyuiu.MolodchikovEE.Sprint6.Task1.V26.Test\Tyuiu.MolodchikovEE.Sprint6.Task1.V26.Test.csproj", "{76E6A68F-7C8E-4AF1-B3AF-D63C5CCF1E93}"
EndProject
Project("{9A19103F-16F7-4668-BE54-9A1E7A4F7556}") = "Tyuiu.MolodchikovEE.Sprint6.Task1.V26", "Tyuiu.MolodchikovEE.Sprint6.Task1.V26\Tyuiu.MolodchikovEE.Sprint6.Task1.V26.csproj", "{541F85F4-03F7-47B1-B36A-28D288324210}"
EndProject
Project("{9A19103F-16F7-4668-BE54-9A1E7A4F7556}") = "Tyuiu.MolodchikovEE.Sprint6.Task2.V4", "Tyuiu.MolodchikovEE.Sprint6.Task2.V4\Tyuiu.MolodchikovEE.Sprint6.Task2.V4.csproj", "{A4CDB6F5-C2AD-4A24-8BE4-92CBE3C06690}"
EndProject
Project("{9A19103F-16F7-4668-BE54-9A1E7A4F7556}") = "Tyuiu.MolodchikovEE.Sprint6.Task2.V4.Lib", "Tyuiu.MolodchikovEE.Sprint6.Task2.V4.Lib\Tyuiu.MolodchikovEE.Sprint6.Task2.V4.Lib.csproj", "{C3695F8B-3614-4E4B-A276-EE8DA82060BF}"
EndProject
Project("{9A19103F-16F7-4668-BE54-9A1E7A4F7556}") = "Tyuiu.MolodchikovEE.Sprint6.Task2.V4.Test", "Tyuiu.MolodchikovEE.Sprint6.Task2.V4.Test\Tyuiu.MolodchikovEE.Sprint6.Task2.V4.Test.csproj", "{036DFA6D-2569-4DAF-8ABD-C01259CB84C0}"
EndProject
Project("{9A19103F-16F7-4668-BE54-9A1E7A4F7556}") = "Tyuiu.MolodchikovEE.Sprint6.Task3.V27", "Tyuiu.MolodchikovEE.Sprint6.Task3.V27\Tyuiu.MolodchikovEE.Sprint6.Task3.V27.csproj", "{85260110-87C9-4536-8D47-EA42F6C9978A}"
EndProject
Project("{9A19103F-16F7-4668-BE54-9A1E7A4F7556}") = "Tyuiu.MolodchikovEE.Sprint6.Task3.V27.Lib", "Tyuiu.MolodchikovEE.Sprint6.Task3.V27.Lib\Tyuiu.MolodchikovEE.Sprint6.Task3.V27.Lib.csproj", "{E4902A3C-803D-401C-8FA8-81303ECCAF66}"
EndProject
Project("{9A19103F-16F7-4668-BE54-9A1E7A4F7556}") = "Tyuiu.MolodchikovEE.Sprint6.Task3.V27.Test", "Tyuiu.MolodchikovEE.Sprint6.Task3.V27.Test\Tyuiu.MolodchikovEE.Sprint6.Task3.V27.Test.csproj", "{3891FA63-31D1-43B5-8305-A16E28B920B0}"
EndProject
Project("{9A19103F-16F7-4668-BE54-9A1E7A4F7556}") = "Tyuiu.MolodchikovEE.Sprint6.Task4.V12", "Tyuiu.MolodchikovEE.Sprint6.Task4.V12\Tyuiu.MolodchikovEE.Sprint6.Task4.V12.csproj", "{25CC6FB8-803F-4553-A2C1-8B217D356BDF}"
EndProject
Project("{9A19103F-16F7-4668-BE54-9A1E7A4F7556}") = "Tyuiu.MolodchikovEE.Sprint6.Task4.V12.Lib", "Tyuiu.MolodchikovEE.Sprint6.Task4.V12.Lib\Tyuiu.MolodchikovEE.Sprint6.Task4.V12.Lib.csproj", "{E1399D49-72A5-41A7-9951-8938DF02BDFC}"
EndProject
Project("{9A19103F-16F7-4668-BE54-9A1E7A4F7556}") = "Tyuiu.MolodchikovEE.Sprint6.Task4.V12.Test", "Tyuiu.MolodchikovEE.Sprint6.Task4.V12.Test\Tyuiu.MolodchikovEE.Sprint6.Task4.V12.Test.csproj", "{BC776EDE-E8AC-4795-B8B4-13076B0A0399}"
EndProject
Project("{9A19103F-16F7-4668-BE54-9A1E7A4F7556}") = "Tyuiu.MolodchikovEE.Sprint6.Task5.V10", "Tyuiu.MolodchikovEE.Sprint6.Task5.V10\Tyuiu.MolodchikovEE.Sprint6.Task5.V10.csproj", "{9A6624B3-A1EF-43F6-AA7D-B9424DB4CCE7}"
EndProject
Project("{9A19103F-16F7-4668-BE54-9A1E7A4F7556}") = "Tyuiu.MolodchikovEE.Sprint6.Task5.V10.Lib", "Tyuiu.MolodchikovEE.Sprint6.Task5.V10.Lib\Tyuiu.MolodchikovEE.Sprint6.Task5.V10.Lib.csproj", "{7B2565FA-D55A-49AF-985F-ECF58B27C705}"
EndProject
Project("{9A19103F-16F7-4668-BE54-9A1E7A4F7556}") = "Tyuiu.MolodchikovEE.Sprint6.Task5.V10.Test", "Tyuiu.MolodchikovEE.Sprint6.Task5.V10.Test\Tyuiu.MolodchikovEE.Sprint6.Task5.V10.Test.csproj", "{40F09800-9A9A-47A1-BD2F-7BC6256AA4EA}"
EndProject
Project("{FAE04EC0-301F-11D3-BF4B-00C04F79EFBC}") = "Tyuiu.MolodchikovEE.Sprint6.Task6.V15", "Tyuiu.MolodchikovEE.Sprint6.Task6.V15\Tyuiu.MolodchikovEE.Sprint6.Task6.V15.csproj", "{5969C23E-2927-4EF1-B61B-26FCB10A8787}"
EndProject
Project("{FAE04EC0-301F-11D3-BF4B-00C04F79EFBC}") = "Tyuiu.MolodchikovEE.Sprint6.Task6.V15.Lib", "Tyuiu.MolodchikovEE.Sprint6.Task6.V15.Lib\Tyuiu.MolodchikovEE.Sprint6.Task6.V15.Lib.csproj", "{ED7D796E-00B3-4116-B6E8-EFB83845960D}"
EndProject
Project("{FAE04EC0-301F-11D3-BF4B-00C04F79EFBC}") = "Tyuiu.MolodchikovEE.Sprint6.Task6.V15.Test", "Tyuiu.MolodchikovEE.Sprint6.Task6.V15.Test\Tyuiu.MolodchikovEE.Sprint6.Task6.V15.Test.csproj", "{77A8E260-C768-46F9-A628-E654CD3CEDC3}"
EndProject
Global
	GlobalSection(SolutionConfigurationPlatforms) = preSolution
		Debug|Any CPU = Debug|Any CPU
		Release|Any CPU = Release|Any CPU
	EndGlobalSection
	GlobalSection(ProjectConfigurationPlatforms) = postSolution
		{66506703-F1B5-41EA-BB0E-8BC9CB31A213}.Debug|Any CPU.ActiveCfg = Debug|Any CPU
		{66506703-F1B5-41EA-BB0E-8BC9CB31A213}.Debug|Any CPU.Build.0 = Debug|Any CPU
		{66506703-F1B5-41EA-BB0E-8BC9CB31A213}.Release|Any CPU.ActiveCfg = Release|Any CPU
		{66506703-F1B5-41EA-BB0E-8BC9CB31A213}.Release|Any CPU.Build.0 = Release|Any CPU
		{9C55F249-62FD-4BEA-B047-F815D547FAA5}.Debug|Any CPU.ActiveCfg = Debug|Any CPU
		{9C55F249-62FD-4BEA-B047-F815D547FAA5}.Debug|Any CPU.Build.0 = Debug|Any CPU
		{9C55F249-62FD-4BEA-B047-F815D547FAA5}.Release|Any CPU.ActiveCfg = Release|Any CPU
		{9C55F249-62FD-4BEA-B047-F815D547FAA5}.Release|Any CPU.Build.0 = Release|Any CPU
		{0AD0D17B-C5BA-46F9-9AB8-30FE8158EAC1}.Debug|Any CPU.ActiveCfg = Debug|Any CPU
		{0AD0D17B-C5BA-46F9-9AB8-30FE8158EAC1}.Debug|Any CPU.Build.0 = Debug|Any CPU
		{0AD0D17B-C5BA-46F9-9AB8-30FE8158EAC1}.Release|Any CPU.ActiveCfg = Release|Any CPU
		{0AD0D17B-C5BA-46F9-9AB8-30FE8158EAC1}.Release|Any CPU.Build.0 = Release|Any CPU
		{0FD5E4B2-8207-40A0-99CD-3676C04A5ABE}.Debug|Any CPU.ActiveCfg = Debug|Any CPU
		{0FD5E4B2-8207-40A0-99CD-3676C04A5ABE}.Debug|Any CPU.Build.0 = Debug|Any CPU
		{0FD5E4B2-8207-40A0-99CD-3676C04A5ABE}.Release|Any CPU.ActiveCfg = Release|Any CPU
		{0FD5E4B2-8207-40A0-99CD-3676C04A5ABE}.Release|Any CPU.Build.0 = Release|Any CPU
		{76E6A68F-7C8E-4AF1-B3AF-D63C5CCF1E93}.Debug|Any CPU.ActiveCfg = Debug|Any CPU
		{76E6A68F-7C8E-4AF1-B3AF-D63C5CCF1E93}.Debug|Any CPU.Build.0 = Debug|Any CPU
		{76E6A68F-7C8E-4AF1-B3AF-D63C5CCF1E93}.Release|Any CPU.ActiveCfg = Release|Any CPU
		{76E6A68F-7C8E-4AF1-B3AF-D63C5CCF1E93}.Release|Any CPU.Build.0 = Release|Any CPU
		{541F85F4-03F7-47B1-B36A-28D288324210}.Debug|Any CPU.ActiveCfg = Debug|Any CPU
		{541F85F4-03F7-47B1-B36A-28D288324210}.Debug|Any CPU.Build.0 = Debug|Any CPU
		{541F85F4-03F7-47B1-B36A-28D288324210}.Release|Any CPU.ActiveCfg = Release|Any CPU
		{541F85F4-03F7-47B1-B36A-28D288324210}.Release|Any CPU.Build.0 = Release|Any CPU
		{A4CDB6F5-C2AD-4A24-8BE4-92CBE3C06690}.Debug|Any CPU.ActiveCfg = Debug|Any CPU
		{A4CDB6F5-C2AD-4A24-8BE4-92CBE3C06690}.Debug|Any CPU.Build.0 = Debug|Any CPU
		{A4CDB6F5-C2AD-4A24-8BE4-92CBE3C06690}.Release|Any CPU.ActiveCfg = Release|Any CPU
		{A4CDB6F5-C2AD-4A24-8BE4-92CBE3C06690}.Release|Any CPU.Build.0 = Release|Any CPU
		{C3695F8B-3614-4E4B-A276-EE8DA82060BF}.Debug|Any CPU.ActiveCfg = Debug|Any CPU
		{C3695F8B-3614-4E4B-A276-EE8DA82060BF}.Debug|Any CPU.Build.0 = Debug|Any CPU
		{C3695F8B-3614-4E4B-A276-EE8DA82060BF}.Release|Any CPU.ActiveCfg = Release|Any CPU
		{C3695F8B-3614-4E4B-A276-EE8DA82060BF}.Release|Any CPU.Build.0 = Release|Any CPU
		{036DFA6D-2569-4DAF-8ABD-C01259CB84C0}.Debug|Any CPU.ActiveCfg = Debug|Any CPU
		{036DFA6D-2569-4DAF-8ABD-C01259CB84C0}.Debug|Any CPU.Build.0 = Debug|Any CPU
		{036DFA6D-2569-4DAF-8ABD-C01259CB84C0}.Release|Any CPU.ActiveCfg = Release|Any CPU
		{036DFA6D-2569-4DAF-8ABD-C01259CB84C0}.Release|Any CPU.Build.0 = Release|Any CPU
		{85260110-87C9-4536-8D47-EA42F6C9978A}.Debug|Any CPU.ActiveCfg = Debug|Any CPU
		{85260110-87C9-4536-8D47-EA42F6C9978A}.Debug|Any CPU.Build.0 = Debug|Any CPU
		{85260110-87C9-4536-8D47-EA42F6C9978A}.Release|Any CPU.ActiveCfg = Release|Any CPU
		{85260110-87C9-4536-8D47-EA42F6C9978A}.Release|Any CPU.Build.0 = Release|Any CPU
		{E4902A3C-803D-401C-8FA8-81303ECCAF66}.Debug|Any CPU.ActiveCfg = Debug|Any CPU
		{E4902A3C-803D-401C-8FA8-81303ECCAF66}.Debug|Any CPU.Build.0 = Debug|Any CPU
		{E4902A3C-803D-401C-8FA8-81303ECCAF66}.Release|Any CPU.ActiveCfg = Release|Any CPU
		{E4902A3C-803D-401C-8FA8-81303ECCAF66}.Release|Any CPU.Build.0 = Release|Any CPU
		{3891FA63-31D1-43B5-8305-A16E28B920B0}.Debug|Any CPU.ActiveCfg = Debug|Any CPU
		{3891FA63-31D1-43B5-8305-A16E28B920B0}.Debug|Any CPU.Build.0 = Debug|Any CPU
		{3891FA63-31D1-43B5-8305-A16E28B920B0}.Release|Any CPU.ActiveCfg = Release|Any CPU
		{3891FA63-31D1-43B5-8305-A16E28B920B0}.Release|Any CPU.Build.0 = Release|Any CPU
		{25CC6FB8-803F-4553-A2C1-8B217D356BDF}.Debug|Any CPU.ActiveCfg = Debug|Any CPU
		{25CC6FB8-803F-4553-A2C1-8B217D356BDF}.Debug|Any CPU.Build.0 = Debug|Any CPU
		{25CC6FB8-803F-4553-A2C1-8B217D356BDF}.Release|Any CPU.ActiveCfg = Release|Any CPU
		{25CC6FB8-803F-4553-A2C1-8B217D356BDF}.Release|Any CPU.Build.0 = Release|Any CPU
		{E1399D49-72A5-41A7-9951-8938DF02BDFC}.Debug|Any CPU.ActiveCfg = Debug|Any CPU
		{E1399D49-72A5-41A7-9951-8938DF02BDFC}.Debug|Any CPU.Build.0 = Debug|Any CPU
		{E1399D49-72A5-41A7-9951-8938DF02BDFC}.Release|Any CPU.ActiveCfg = Release|Any CPU
		{E1399D49-72A5-41A7-9951-8938DF02BDFC}.Release|Any CPU.Build.0 = Release|Any CPU
		{BC776EDE-E8AC-4795-B8B4-13076B0A0399}.Debug|Any CPU.ActiveCfg = Debug|Any CPU
		{BC776EDE-E8AC-4795-B8B4-13076B0A0399}.Debug|Any CPU.Build.0 = Debug|Any CPU
		{BC776EDE-E8AC-4795-B8B4-13076B0A0399}.Release|Any CPU.ActiveCfg = Release|Any CPU
		{BC776EDE-E8AC-4795-B8B4-13076B0A0399}.Release|Any CPU.Build.0 = Release|Any CPU
		{9A6624B3-A1EF-43F6-AA7D-B9424DB4CCE7}.Debug|Any CPU.ActiveCfg = Debug|Any CPU
		{9A6624B3-A1EF-43F6-AA7D-B9424DB4CCE7}.Debug|Any CPU.Build.0 = Debug|Any CPU
		{9A6624B3-A1EF-43F6-AA7D-B9424DB4CCE7}.Release|Any CPU.ActiveCfg = Release|Any CPU
		{9A6624B3-A1EF-43F6-AA7D-B9424DB4CCE7}.Release|Any CPU.Build.0 = Release|Any CPU
		{7B2565FA-D55A-49AF-985F-ECF58B27C705}.Debug|Any CPU.ActiveCfg = Debug|Any CPU
		{7B2565FA-D55A-49AF-985F-ECF58B27C705}.Debug|Any CPU.Build.0 = Debug|Any CPU
		{7B2565FA-D55A-49AF-985F-ECF58B27C705}.Release|Any CPU.ActiveCfg = Release|Any CPU
		{7B2565FA-D55A-49AF-985F-ECF58B27C705}.Release|Any CPU.Build.0 = Release|Any CPU
		{40F09800-9A9A-47A1-BD2F-7BC6256AA4EA}.Debug|Any CPU.ActiveCfg = Debug|Any CPU
		{40F09800-9A9A-47A1-BD2F-7BC6256AA4EA}.Debug|Any CPU.Build.0 = Debug|Any CPU
		{40F09800-9A9A-47A1-BD2F-7BC6256AA4EA}.Release|Any CPU.ActiveCfg = Release|Any CPU
		{40F09800-9A9A-47A1-BD2F-7BC6256AA4EA}.Release|Any CPU.Build.0 = Release|Any CPU
		{5969C23E-2927-4EF1-B61B-26FCB10A8787}.Debug|Any CPU.ActiveCfg = Debug|Any CPU
		{5969C23E-2927-4EF1-B61B-26FCB10A8787}.Debug|Any CPU.Build.0 = Debug|Any CPU
		{5969C23E-2927-4EF1-B61B-26FCB10A8787}.Release|Any CPU.ActiveCfg = Release|Any CPU
		{5969C23E-2927-4EF1-B61B-26FCB10A8787}.Release|Any CPU.Build.0 = Release|Any CPU
		{ED7D796E-00B3-4116-B6E8-EFB83845960D}.Debug|Any CPU.ActiveCfg = Debug|Any CPU
		{ED7D796E-00B3-4116-B6E8-EFB83845960D}.Debug|Any CPU.Build.0 = Debug|Any CPU
		{ED7D796E-00B3-4116-B6E8-EFB83845960D}.Release|Any CPU.ActiveCfg = Release|Any CPU
		{ED7D796E-00B3-4116-B6E8-EFB83845960D}.Release|Any CPU.Build.0 = Release|Any CPU
		{77A8E260-C768-46F9-A628-E654CD3CEDC3}.Debug|Any CPU.ActiveCfg = Debug|Any CPU
		{77A8E260-C768-46F9-A628-E654CD3CEDC3}.Debug|Any CPU.Build.0 = Debug|Any CPU
		{77A8E260-C768-46F9-A628-E654CD3CEDC3}.Release|Any CPU.ActiveCfg = Release|Any CPU
		{77A8E260-C768-46F9-A628-E654CD3CEDC3}.Release|Any CPU.Build.0 = Release|Any CPU
	EndGlobalSection
	GlobalSection(SolutionProperties) = preSolution
		HideSolutionNode = FALSE
	EndGlobalSection
	GlobalSection(ExtensibilityGlobals) = postSolution
		SolutionGuid = {BC7EF468-C4AE-4121-B3D8-971959922D8A}
	EndGlobalSection
EndGlobal
