
Microsoft Visual Studio Solution File, Format Version 12.00
# Visual Studio Version 17
VisualStudioVersion = 17.11.35222.181
MinimumVisualStudioVersion = 10.0.40219.1
Project("{9A19103F-16F7-4668-BE54-9A1E7A4F7556}") = "Tyuiu.MolodchikovEE.Sprint6.Task0.V14", "Tyuiu.MolodchikovEE.Sprint6.Task0.V14\Tyuiu.MolodchikovEE.Sprint6.Task0.V14.csproj", "{66506703-F1B5-41EA-BB0E-8BC9CB31A213}"
EndProject
Project("{9A19103F-16F7-4668-BE54-9A1E7A4F7556}") = "Tyuiu.MolodchikovEE.Sprint6.Task0.V14.Lib", "Tyuiu.MolodchikovEE.Sprint6.Task0.V14.Lib\Tyuiu.MolodchikovEE.Sprint6.Task0.V14.Lib.csproj", "{9C55F249-62FD-4BEA-B047-F815D547FAA5}"
EndProject
Project("{9A19103F-16F7-4668-BE54-9A1E7A4F7556}") = "Tyuiu.MolodchikovEE.Sprint6.Task0.V14.Test", "Tyuiu.MolodchikovEE.Sprint6.Task0.V14.Test\Tyuiu.MolodchikovEE.Sprint6.Task0.V14.Test.csproj", "{0AD0D17B-C5BA-46F9-9AB8-30FE8158EAC1}"
EndProject
Project("{FAE04EC0-301F-11D3-BF4B-00C04F79EFBC}") = "Tyuiu.MolodchikovEE.Sprint6.Task1.V26", "Tyuiu.MolodchikovEE.Sprint6.Task1.V26\Tyuiu.MolodchikovEE.Sprint6.Task1.V26.csproj", "{F317D9CE-9082-46A9-8471-EBE7180353CA}"
EndProject
Project("{FAE04EC0-301F-11D3-BF4B-00C04F79EFBC}") = "Tyuiu.MolodchikovEE.Sprint6.Task1.V26.Lib", "Tyuiu.MolodchikovEE.Sprint6.Task1.V26.Lib\Tyuiu.MolodchikovEE.Sprint6.Task1.V26.Lib.csproj", "{0FD5E4B2-8207-40A0-99CD-3676C04A5ABE}"
EndProject
Project("{FAE04EC0-301F-11D3-BF4B-00C04F79EFBC}") = "Tyuiu.MolodchikovEE.Sprint6.Task1.V26.Test", "Tyuiu.MolodchikovEE.Sprint6.Task1.V26.Test\Tyuiu.MolodchikovEE.Sprint6.Task1.V26.Test.csproj", "{76E6A68F-7C8E-4AF1-B3AF-D63C5CCF1E93}"
EndProject
Global
	GlobalSection(SolutionConfigurationPlatforms) = preSolution
		Debug|Any CPU = Debug|Any CPU
		Release|Any CPU = Release|Any CPU
	EndGlobalSection
	GlobalSection(ProjectConfigurationPlatforms) = postSolution
		{66506703-F1B5-41EA-BB0E-8BC9CB31A213}.Debug|Any CPU.ActiveCfg = Debug|Any CPU
		{66506703-F1B5-41EA-BB0E-8BC9CB31A213}.Debug|Any CPU.Build.0 = Debug|Any CPU
		{66506703-F1B5-41EA-BB0E-8BC9CB31A213}.Release|Any CPU.ActiveCfg = Release|Any CPU
		{66506703-F1B5-41EA-BB0E-8BC9CB31A213}.Release|Any CPU.Build.0 = Release|Any CPU
		{9C55F249-62FD-4BEA-B047-F815D547FAA5}.Debug|Any CPU.ActiveCfg = Debug|Any CPU
		{9C55F249-62FD-4BEA-B047-F815D547FAA5}.Debug|Any CPU.Build.0 = Debug|Any CPU
		{9C55F249-62FD-4BEA-B047-F815D547FAA5}.Release|Any CPU.ActiveCfg = Release|Any CPU
		{9C55F249-62FD-4BEA-B047-F815D547FAA5}.Release|Any CPU.Build.0 = Release|Any CPU
		{0AD0D17B-C5BA-46F9-9AB8-30FE8158EAC1}.Debug|Any CPU.ActiveCfg = Debug|Any CPU
		{0AD0D17B-C5BA-46F9-9AB8-30FE8158EAC1}.Debug|Any CPU.Build.0 = Debug|Any CPU
		{0AD0D17B-C5BA-46F9-9AB8-30FE8158EAC1}.Release|Any CPU.ActiveCfg = Release|Any CPU
		{0AD0D17B-C5BA-46F9-9AB8-30FE8158EAC1}.Release|Any CPU.Build.0 = Release|Any CPU
		{F317D9CE-9082-46A9-8471-EBE7180353CA}.Debug|Any CPU.ActiveCfg = Debug|Any CPU
		{F317D9CE-9082-46A9-8471-EBE7180353CA}.Debug|Any CPU.Build.0 = Debug|Any CPU
		{F317D9CE-9082-46A9-8471-EBE7180353CA}.Release|Any CPU.ActiveCfg = Release|Any CPU
		{F317D9CE-9082-46A9-8471-EBE7180353CA}.Release|Any CPU.Build.0 = Release|Any CPU
		{0FD5E4B2-8207-40A0-99CD-3676C04A5ABE}.Debug|Any CPU.ActiveCfg = Debug|Any CPU
		{0FD5E4B2-8207-40A0-99CD-3676C04A5ABE}.Debug|Any CPU.Build.0 = Debug|Any CPU
		{0FD5E4B2-8207-40A0-99CD-3676C04A5ABE}.Release|Any CPU.ActiveCfg = Release|Any CPU
		{0FD5E4B2-8207-40A0-99CD-3676C04A5ABE}.Release|Any CPU.Build.0 = Release|Any CPU
		{76E6A68F-7C8E-4AF1-B3AF-D63C5CCF1E93}.Debug|Any CPU.ActiveCfg = Debug|Any CPU
		{76E6A68F-7C8E-4AF1-B3AF-D63C5CCF1E93}.Debug|Any CPU.Build.0 = Debug|Any CPU
		{76E6A68F-7C8E-4AF1-B3AF-D63C5CCF1E93}.Release|Any CPU.ActiveCfg = Release|Any CPU
		{76E6A68F-7C8E-4AF1-B3AF-D63C5CCF1E93}.Release|Any CPU.Build.0 = Release|Any CPU
	EndGlobalSection
	GlobalSection(SolutionProperties) = preSolution
		HideSolutionNode = FALSE
	EndGlobalSection
	GlobalSection(ExtensibilityGlobals) = postSolution
		SolutionGuid = {BC7EF468-C4AE-4121-B3D8-971959922D8A}
	EndGlobalSection
EndGlobal
